
Microsoft Visual Studio Solution File, Format Version 12.00
# Visual Studio Version 16
VisualStudioVersion = 16.0.28803.202
MinimumVisualStudioVersion = 10.0.40219.1
Project("{FAE04EC0-301F-11D3-BF4B-00C04F79EFBC}") = "BSoftEncryptor", "WpfApp1\BSoftEncryptor.csproj", "{DB1A19A0-AAE5-4942-9DE0-E3E966925DAB}"
EndProject
Project("{FAE04EC0-301F-11D3-BF4B-00C04F79EFBC}") = "TESTSOFT", "..\TESTSOFT\TESTSOFT.csproj", "{1F6C6037-27EB-47F1-9D28-47A720339038}"
EndProject
Global
	GlobalSection(SolutionConfigurationPlatforms) = preSolution
		Debug|Any CPU = Debug|Any CPU
		Release|Any CPU = Release|Any CPU
	EndGlobalSection
	GlobalSection(ProjectConfigurationPlatforms) = postSolution
		{DB1A19A0-AAE5-4942-9DE0-E3E966925DAB}.Debug|Any CPU.ActiveCfg = Debug|Any CPU
		{DB1A19A0-AAE5-4942-9DE0-E3E966925DAB}.Debug|Any CPU.Build.0 = Debug|Any CPU
		{DB1A19A0-AAE5-4942-9DE0-E3E966925DAB}.Release|Any CPU.ActiveCfg = Release|Any CPU
		{DB1A19A0-AAE5-4942-9DE0-E3E966925DAB}.Release|Any CPU.Build.0 = Release|Any CPU
		{1F6C6037-27EB-47F1-9D28-47A720339038}.Debug|Any CPU.ActiveCfg = Debug|Any CPU
		{1F6C6037-27EB-47F1-9D28-47A720339038}.Debug|Any CPU.Build.0 = Debug|Any CPU
		{1F6C6037-27EB-47F1-9D28-47A720339038}.Release|Any CPU.ActiveCfg = Release|Any CPU
		{1F6C6037-27EB-47F1-9D28-47A720339038}.Release|Any CPU.Build.0 = Release|Any CPU
	EndGlobalSection
	GlobalSection(SolutionProperties) = preSolution
		HideSolutionNode = FALSE
	EndGlobalSection
	GlobalSection(ExtensibilityGlobals) = postSolution
		SolutionGuid = {4C26931A-11DF-4839-BCD6-99E538ADAA23}
	EndGlobalSection
EndGlobal
